// !$*UTF8*$!
{
	archiveVersion = 1;
	classes = {
	};
	objectVersion = 50;
	objects = {

/* Begin PBXBuildFile section */
		11659E6C243F4BEB00FCBC99 /* AppDelegate.swift in Sources */ = {isa = PBXBuildFile; fileRef = 11659E6B243F4BEB00FCBC99 /* AppDelegate.swift */; };
		11659E6E243F4BEB00FCBC99 /* SceneDelegate.swift in Sources */ = {isa = PBXBuildFile; fileRef = 11659E6D243F4BEB00FCBC99 /* SceneDelegate.swift */; };
		11659E70243F4BEB00FCBC99 /* ViewController.swift in Sources */ = {isa = PBXBuildFile; fileRef = 11659E6F243F4BEB00FCBC99 /* ViewController.swift */; };
		11659E73243F4BEB00FCBC99 /* Main.storyboard in Resources */ = {isa = PBXBuildFile; fileRef = 11659E71243F4BEB00FCBC99 /* Main.storyboard */; };
		11659E75243F4BED00FCBC99 /* Assets.xcassets in Resources */ = {isa = PBXBuildFile; fileRef = 11659E74243F4BED00FCBC99 /* Assets.xcassets */; };
		11659E78243F4BED00FCBC99 /* LaunchScreen.storyboard in Resources */ = {isa = PBXBuildFile; fileRef = 11659E76243F4BED00FCBC99 /* LaunchScreen.storyboard */; };
		11659E83243F4BED00FCBC99 /* AnnotationsTestTests.swift in Sources */ = {isa = PBXBuildFile; fileRef = 11659E82243F4BED00FCBC99 /* AnnotationsTestTests.swift */; };
/* End PBXBuildFile section */

/* Begin PBXContainerItemProxy section */
		11659E7F243F4BED00FCBC99 /* PBXContainerItemProxy */ = {
			isa = PBXContainerItemProxy;
			containerPortal = 11659E60243F4BEB00FCBC99 /* Project object */;
			proxyType = 1;
			remoteGlobalIDString = 11659E67243F4BEB00FCBC99;
			remoteInfo = AnnotationsTest;
		};
/* End PBXContainerItemProxy section */

/* Begin PBXFileReference section */
		11659E68243F4BEB00FCBC99 /* AnnotationsTest.app */ = {isa = PBXFileReference; explicitFileType = wrapper.application; includeInIndex = 0; path = AnnotationsTest.app; sourceTree = BUILT_PRODUCTS_DIR; };
		11659E6B243F4BEB00FCBC99 /* AppDelegate.swift */ = {isa = PBXFileReference; lastKnownFileType = sourcecode.swift; path = AppDelegate.swift; sourceTree = "<group>"; };
		11659E6D243F4BEB00FCBC99 /* SceneDelegate.swift */ = {isa = PBXFileReference; lastKnownFileType = sourcecode.swift; path = SceneDelegate.swift; sourceTree = "<group>"; };
		11659E6F243F4BEB00FCBC99 /* ViewController.swift */ = {isa = PBXFileReference; lastKnownFileType = sourcecode.swift; path = ViewController.swift; sourceTree = "<group>"; };
		11659E72243F4BEB00FCBC99 /* Base */ = {isa = PBXFileReference; lastKnownFileType = file.storyboard; name = Base; path = Base.lproj/Main.storyboard; sourceTree = "<group>"; };
		11659E74243F4BED00FCBC99 /* Assets.xcassets */ = {isa = PBXFileReference; lastKnownFileType = folder.assetcatalog; path = Assets.xcassets; sourceTree = "<group>"; };
		11659E77243F4BED00FCBC99 /* Base */ = {isa = PBXFileReference; lastKnownFileType = file.storyboard; name = Base; path = Base.lproj/LaunchScreen.storyboard; sourceTree = "<group>"; };
		11659E79243F4BED00FCBC99 /* Info.plist */ = {isa = PBXFileReference; lastKnownFileType = text.plist.xml; path = Info.plist; sourceTree = "<group>"; };
		11659E7E243F4BED00FCBC99 /* AnnotationsTestTests.xctest */ = {isa = PBXFileReference; explicitFileType = wrapper.cfbundle; includeInIndex = 0; path = AnnotationsTestTests.xctest; sourceTree = BUILT_PRODUCTS_DIR; };
		11659E82243F4BED00FCBC99 /* AnnotationsTestTests.swift */ = {isa = PBXFileReference; lastKnownFileType = sourcecode.swift; path = AnnotationsTestTests.swift; sourceTree = "<group>"; };
		11659E84243F4BED00FCBC99 /* Info.plist */ = {isa = PBXFileReference; lastKnownFileType = text.plist.xml; path = Info.plist; sourceTree = "<group>"; };
/* End PBXFileReference section */

/* Begin PBXFrameworksBuildPhase section */
		11659E65243F4BEB00FCBC99 /* Frameworks */ = {
			isa = PBXFrameworksBuildPhase;
			buildActionMask = 2147483647;
			files = (
			);
			runOnlyForDeploymentPostprocessing = 0;
		};
		11659E7B243F4BED00FCBC99 /* Frameworks */ = {
			isa = PBXFrameworksBuildPhase;
			buildActionMask = 2147483647;
			files = (
			);
			runOnlyForDeploymentPostprocessing = 0;
		};
/* End PBXFrameworksBuildPhase section */

/* Begin PBXGroup section */
		11659E5F243F4BEB00FCBC99 = {
			isa = PBXGroup;
			children = (
				11659E6A243F4BEB00FCBC99 /* AnnotationsTest */,
				11659E81243F4BED00FCBC99 /* AnnotationsTestTests */,
				11659E69243F4BEB00FCBC99 /* Products */,
			);
			sourceTree = "<group>";
		};
		11659E69243F4BEB00FCBC99 /* Products */ = {
			isa = PBXGroup;
			children = (
				11659E68243F4BEB00FCBC99 /* AnnotationsTest.app */,
				11659E7E243F4BED00FCBC99 /* AnnotationsTestTests.xctest */,
			);
			name = Products;
			sourceTree = "<group>";
		};
		11659E6A243F4BEB00FCBC99 /* AnnotationsTest */ = {
			isa = PBXGroup;
			children = (
				11659E6B243F4BEB00FCBC99 /* AppDelegate.swift */,
				11659E6D243F4BEB00FCBC99 /* SceneDelegate.swift */,
				11659E6F243F4BEB00FCBC99 /* ViewController.swift */,
				11659E71243F4BEB00FCBC99 /* Main.storyboard */,
				11659E74243F4BED00FCBC99 /* Assets.xcassets */,
				11659E76243F4BED00FCBC99 /* LaunchScreen.storyboard */,
				11659E79243F4BED00FCBC99 /* Info.plist */,
			);
			path = AnnotationsTest;
			sourceTree = "<group>";
		};
		11659E81243F4BED00FCBC99 /* AnnotationsTestTests */ = {
			isa = PBXGroup;
			children = (
				11659E82243F4BED00FCBC99 /* AnnotationsTestTests.swift */,
				11659E84243F4BED00FCBC99 /* Info.plist */,
			);
			path = AnnotationsTestTests;
			sourceTree = "<group>";
		};
/* End PBXGroup section */

/* Begin PBXNativeTarget section */
		11659E67243F4BEB00FCBC99 /* AnnotationsTest */ = {
			isa = PBXNativeTarget;
			buildConfigurationList = 11659E87243F4BED00FCBC99 /* Build configuration list for PBXNativeTarget "AnnotationsTest" */;
			buildPhases = (
				11659E64243F4BEB00FCBC99 /* Sources */,
				11659E65243F4BEB00FCBC99 /* Frameworks */,
				11659E66243F4BEB00FCBC99 /* Resources */,
			);
			buildRules = (
			);
			dependencies = (
			);
			name = AnnotationsTest;
			productName = AnnotationsTest;
			productReference = 11659E68243F4BEB00FCBC99 /* AnnotationsTest.app */;
			productType = "com.apple.product-type.application";
		};
		11659E7D243F4BED00FCBC99 /* AnnotationsTestTests */ = {
			isa = PBXNativeTarget;
			buildConfigurationList = 11659E8A243F4BED00FCBC99 /* Build configuration list for PBXNativeTarget "AnnotationsTestTests" */;
			buildPhases = (
				11659E7A243F4BED00FCBC99 /* Sources */,
				11659E7B243F4BED00FCBC99 /* Frameworks */,
				11659E7C243F4BED00FCBC99 /* Resources */,
			);
			buildRules = (
			);
			dependencies = (
				11659E80243F4BED00FCBC99 /* PBXTargetDependency */,
			);
			name = AnnotationsTestTests;
			productName = AnnotationsTestTests;
			productReference = 11659E7E243F4BED00FCBC99 /* AnnotationsTestTests.xctest */;
			productType = "com.apple.product-type.bundle.unit-test";
		};
/* End PBXNativeTarget section */

/* Begin PBXProject section */
		11659E60243F4BEB00FCBC99 /* Project object */ = {
			isa = PBXProject;
			attributes = {
				LastSwiftUpdateCheck = 1140;
				LastUpgradeCheck = 1140;
				ORGANIZATIONNAME = Qapital;
				TargetAttributes = {
					11659E67243F4BEB00FCBC99 = {
						CreatedOnToolsVersion = 11.4;
					};
					11659E7D243F4BED00FCBC99 = {
						CreatedOnToolsVersion = 11.4;
						TestTargetID = 11659E67243F4BEB00FCBC99;
					};
				};
			};
			buildConfigurationList = 11659E63243F4BEB00FCBC99 /* Build configuration list for PBXProject "AnnotationsTest" */;
			compatibilityVersion = "Xcode 9.3";
			developmentRegion = en;
			hasScannedForEncodings = 0;
			knownRegions = (
				en,
				Base,
			);
			mainGroup = 11659E5F243F4BEB00FCBC99;
			productRefGroup = 11659E69243F4BEB00FCBC99 /* Products */;
			projectDirPath = "";
			projectRoot = "";
			targets = (
				11659E67243F4BEB00FCBC99 /* AnnotationsTest */,
				11659E7D243F4BED00FCBC99 /* AnnotationsTestTests */,
			);
		};
/* End PBXProject section */

/* Begin PBXResourcesBuildPhase section */
		11659E66243F4BEB00FCBC99 /* Resources */ = {
			isa = PBXResourcesBuildPhase;
			buildActionMask = 2147483647;
			files = (
				11659E78243F4BED00FCBC99 /* LaunchScreen.storyboard in Resources */,
				11659E75243F4BED00FCBC99 /* Assets.xcassets in Resources */,
				11659E73243F4BEB00FCBC99 /* Main.storyboard in Resources */,
			);
			runOnlyForDeploymentPostprocessing = 0;
		};
		11659E7C243F4BED00FCBC99 /* Resources */ = {
			isa = PBXResourcesBuildPhase;
			buildActionMask = 2147483647;
			files = (
			);
			runOnlyForDeploymentPostprocessing = 0;
		};
/* End PBXResourcesBuildPhase section */

/* Begin PBXSourcesBuildPhase section */
		11659E64243F4BEB00FCBC99 /* Sources */ = {
			isa = PBXSourcesBuildPhase;
			buildActionMask = 2147483647;
			files = (
				11659E70243F4BEB00FCBC99 /* ViewController.swift in Sources */,
				11659E6C243F4BEB00FCBC99 /* AppDelegate.swift in Sources */,
				11659E6E243F4BEB00FCBC99 /* SceneDelegate.swift in Sources */,
			);
			runOnlyForDeploymentPostprocessing = 0;
		};
		11659E7A243F4BED00FCBC99 /* Sources */ = {
			isa = PBXSourcesBuildPhase;
			buildActionMask = 2147483647;
			files = (
				11659E83243F4BED00FCBC99 /* AnnotationsTestTests.swift in Sources */,
			);
			runOnlyForDeploymentPostprocessing = 0;
		};
/* End PBXSourcesBuildPhase section */

/* Begin PBXTargetDependency section */
		11659E80243F4BED00FCBC99 /* PBXTargetDependency */ = {
			isa = PBXTargetDependency;
			target = 11659E67243F4BEB00FCBC99 /* AnnotationsTest */;
			targetProxy = 11659E7F243F4BED00FCBC99 /* PBXContainerItemProxy */;
		};
/* End PBXTargetDependency section */

/* Begin PBXVariantGroup section */
		11659E71243F4BEB00FCBC99 /* Main.storyboard */ = {
			isa = PBXVariantGroup;
			children = (
				11659E72243F4BEB00FCBC99 /* Base */,
			);
			name = Main.storyboard;
			sourceTree = "<group>";
		};
		11659E76243F4BED00FCBC99 /* LaunchScreen.storyboard */ = {
			isa = PBXVariantGroup;
			children = (
				11659E77243F4BED00FCBC99 /* Base */,
			);
			name = LaunchScreen.storyboard;
			sourceTree = "<group>";
		};
/* End PBXVariantGroup section */

/* Begin XCBuildConfiguration section */
		11659E85243F4BED00FCBC99 /* Debug */ = {
			isa = XCBuildConfiguration;
			buildSettings = {
				ALWAYS_SEARCH_USER_PATHS = NO;
				CLANG_ANALYZER_NONNULL = YES;
				CLANG_ANALYZER_NUMBER_OBJECT_CONVERSION = YES_AGGRESSIVE;
				CLANG_CXX_LANGUAGE_STANDARD = "gnu++14";
				CLANG_CXX_LIBRARY = "libc++";
				CLANG_ENABLE_MODULES = YES;
				CLANG_ENABLE_OBJC_ARC = YES;
				CLANG_ENABLE_OBJC_WEAK = YES;
				CLANG_WARN_BLOCK_CAPTURE_AUTORELEASING = YES;
				CLANG_WARN_BOOL_CONVERSION = YES;
				CLANG_WARN_COMMA = YES;
				CLANG_WARN_CONSTANT_CONVERSION = YES;
				CLANG_WARN_DEPRECATED_OBJC_IMPLEMENTATIONS = YES;
				CLANG_WARN_DIRECT_OBJC_ISA_USAGE = YES_ERROR;
				CLANG_WARN_DOCUMENTATION_COMMENTS = YES;
				CLANG_WARN_EMPTY_BODY = YES;
				CLANG_WARN_ENUM_CONVERSION = YES;
				CLANG_WARN_INFINITE_RECURSION = YES;
				CLANG_WARN_INT_CONVERSION = YES;
				CLANG_WARN_NON_LITERAL_NULL_CONVERSION = YES;
				CLANG_WARN_OBJC_IMPLICIT_RETAIN_SELF = YES;
				CLANG_WARN_OBJC_LITERAL_CONVERSION = YES;
				CLANG_WARN_OBJC_ROOT_CLASS = YES_ERROR;
				CLANG_WARN_RANGE_LOOP_ANALYSIS = YES;
				CLANG_WARN_STRICT_PROTOTYPES = YES;
				CLANG_WARN_SUSPICIOUS_MOVE = YES;
				CLANG_WARN_UNGUARDED_AVAILABILITY = YES_AGGRESSIVE;
				CLANG_WARN_UNREACHABLE_CODE = YES;
				CLANG_WARN__DUPLICATE_METHOD_MATCH = YES;
				COPY_PHASE_STRIP = NO;
				DEBUG_INFORMATION_FORMAT = dwarf;
				ENABLE_STRICT_OBJC_MSGSEND = YES;
				ENABLE_TESTABILITY = YES;
				GCC_C_LANGUAGE_STANDARD = gnu11;
				GCC_DYNAMIC_NO_PIC = NO;
				GCC_NO_COMMON_BLOCKS = YES;
				GCC_OPTIMIZATION_LEVEL = 0;
				GCC_PREPROCESSOR_DEFINITIONS = (
					"DEBUG=1",
					"$(inherited)",
				);
				GCC_WARN_64_TO_32_BIT_CONVERSION = YES;
				GCC_WARN_ABOUT_RETURN_TYPE = YES_ERROR;
				GCC_WARN_UNDECLARED_SELECTOR = YES;
				GCC_WARN_UNINITIALIZED_AUTOS = YES_AGGRESSIVE;
				GCC_WARN_UNUSED_FUNCTION = YES;
				GCC_WARN_UNUSED_VARIABLE = YES;
				IPHONEOS_DEPLOYMENT_TARGET = 13.4;
				MTL_ENABLE_DEBUG_INFO = INCLUDE_SOURCE;
				MTL_FAST_MATH = YES;
				ONLY_ACTIVE_ARCH = YES;
				SDKROOT = iphoneos;
				SWIFT_ACTIVE_COMPILATION_CONDITIONS = DEBUG;
				SWIFT_OPTIMIZATION_LEVEL = "-Onone";
			};
			name = Debug;
		};
		11659E86243F4BED00FCBC99 /* Release */ = {
			isa = XCBuildConfiguration;
			buildSettings = {
				ALWAYS_SEARCH_USER_PATHS = NO;
				CLANG_ANALYZER_NONNULL = YES;
				CLANG_ANALYZER_NUMBER_OBJECT_CONVERSION = YES_AGGRESSIVE;
				CLANG_CXX_LANGUAGE_STANDARD = "gnu++14";
				CLANG_CXX_LIBRARY = "libc++";
				CLANG_ENABLE_MODULES = YES;
				CLANG_ENABLE_OBJC_ARC = YES;
				CLANG_ENABLE_OBJC_WEAK = YES;
				CLANG_WARN_BLOCK_CAPTURE_AUTORELEASING = YES;
				CLANG_WARN_BOOL_CONVERSION = YES;
				CLANG_WARN_COMMA = YES;
				CLANG_WARN_CONSTANT_CONVERSION = YES;
				CLANG_WARN_DEPRECATED_OBJC_IMPLEMENTATIONS = YES;
				CLANG_WARN_DIRECT_OBJC_ISA_USAGE = YES_ERROR;
				CLANG_WARN_DOCUMENTATION_COMMENTS = YES;
				CLANG_WARN_EMPTY_BODY = YES;
				CLANG_WARN_ENUM_CONVERSION = YES;
				CLANG_WARN_INFINITE_RECURSION = YES;
				CLANG_WARN_INT_CONVERSION = YES;
				CLANG_WARN_NON_LITERAL_NULL_CONVERSION = YES;
				CLANG_WARN_OBJC_IMPLICIT_RETAIN_SELF = YES;
				CLANG_WARN_OBJC_LITERAL_CONVERSION = YES;
				CLANG_WARN_OBJC_ROOT_CLASS = YES_ERROR;
				CLANG_WARN_RANGE_LOOP_ANALYSIS = YES;
				CLANG_WARN_STRICT_PROTOTYPES = YES;
				CLANG_WARN_SUSPICIOUS_MOVE = YES;
				CLANG_WARN_UNGUARDED_AVAILABILITY = YES_AGGRESSIVE;
				CLANG_WARN_UNREACHABLE_CODE = YES;
				CLANG_WARN__DUPLICATE_METHOD_MATCH = YES;
				COPY_PHASE_STRIP = NO;
				DEBUG_INFORMATION_FORMAT = "dwarf-with-dsym";
				ENABLE_NS_ASSERTIONS = NO;
				ENABLE_STRICT_OBJC_MSGSEND = YES;
				GCC_C_LANGUAGE_STANDARD = gnu11;
				GCC_NO_COMMON_BLOCKS = YES;
				GCC_WARN_64_TO_32_BIT_CONVERSION = YES;
				GCC_WARN_ABOUT_RETURN_TYPE = YES_ERROR;
				GCC_WARN_UNDECLARED_SELECTOR = YES;
				GCC_WARN_UNINITIALIZED_AUTOS = YES_AGGRESSIVE;
				GCC_WARN_UNUSED_FUNCTION = YES;
				GCC_WARN_UNUSED_VARIABLE = YES;
				IPHONEOS_DEPLOYMENT_TARGET = 13.4;
				MTL_ENABLE_DEBUG_INFO = NO;
				MTL_FAST_MATH = YES;
				SDKROOT = iphoneos;
				SWIFT_COMPILATION_MODE = wholemodule;
				SWIFT_OPTIMIZATION_LEVEL = "-O";
				VALIDATE_PRODUCT = YES;
			};
			name = Release;
		};
		11659E88243F4BED00FCBC99 /* Debug */ = {
			isa = XCBuildConfiguration;
			buildSettings = {
				ASSETCATALOG_COMPILER_APPICON_NAME = AppIcon;
				CODE_SIGN_STYLE = Automatic;
				DEVELOPMENT_TEAM = 2LG5LA7M47;
				INFOPLIST_FILE = AnnotationsTest/Info.plist;
				LD_RUNPATH_SEARCH_PATHS = (
					"$(inherited)",
					"@executable_path/Frameworks",
				);
				PRODUCT_BUNDLE_IDENTIFIER = com.qapital.AnnotationsTest;
				PRODUCT_NAME = "$(TARGET_NAME)";
				SWIFT_VERSION = 5.0;
				TARGETED_DEVICE_FAMILY = "1,2";
			};
			name = Debug;
		};
		11659E89243F4BED00FCBC99 /* Release */ = {
			isa = XCBuildConfiguration;
			buildSettings = {
				ASSETCATALOG_COMPILER_APPICON_NAME = AppIcon;
				CODE_SIGN_STYLE = Automatic;
				DEVELOPMENT_TEAM = 2LG5LA7M47;
				INFOPLIST_FILE = AnnotationsTest/Info.plist;
				LD_RUNPATH_SEARCH_PATHS = (
					"$(inherited)",
					"@executable_path/Frameworks",
				);
				PRODUCT_BUNDLE_IDENTIFIER = com.qapital.AnnotationsTest;
				PRODUCT_NAME = "$(TARGET_NAME)";
				SWIFT_VERSION = 5.0;
				TARGETED_DEVICE_FAMILY = "1,2";
			};
			name = Release;
		};
		11659E8B243F4BED00FCBC99 /* Debug */ = {
			isa = XCBuildConfiguration;
			buildSettings = {
				ALWAYS_EMBED_SWIFT_STANDARD_LIBRARIES = YES;
				BUNDLE_LOADER = "$(TEST_HOST)";
				CODE_SIGN_STYLE = Automatic;
				DEVELOPMENT_TEAM = 2LG5LA7M47;
				INFOPLIST_FILE = AnnotationsTestTests/Info.plist;
				IPHONEOS_DEPLOYMENT_TARGET = 13.4;
				LD_RUNPATH_SEARCH_PATHS = (
					"$(inherited)",
					"@executable_path/Frameworks",
					"@loader_path/Frameworks",
				);
				PRODUCT_BUNDLE_IDENTIFIER = com.qapital.AnnotationsTestTests;
				PRODUCT_NAME = "$(TARGET_NAME)";
				SWIFT_VERSION = 5.0;
				TARGETED_DEVICE_FAMILY = "1,2";
				TEST_HOST = "$(BUILT_PRODUCTS_DIR)/AnnotationsTest.app/AnnotationsTest";
			};
			name = Debug;
		};
		11659E8C243F4BED00FCBC99 /* Release */ = {
			isa = XCBuildConfiguration;
			buildSettings = {
				ALWAYS_EMBED_SWIFT_STANDARD_LIBRARIES = YES;
				BUNDLE_LOADER = "$(TEST_HOST)";
				CODE_SIGN_STYLE = Automatic;
				DEVELOPMENT_TEAM = 2LG5LA7M47;
				INFOPLIST_FILE = AnnotationsTestTests/Info.plist;
				IPHONEOS_DEPLOYMENT_TARGET = 13.4;
				LD_RUNPATH_SEARCH_PATHS = (
					"$(inherited)",
					"@executable_path/Frameworks",
					"@loader_path/Frameworks",
				);
				PRODUCT_BUNDLE_IDENTIFIER = com.qapital.AnnotationsTestTests;
				PRODUCT_NAME = "$(TARGET_NAME)";
				SWIFT_VERSION = 5.0;
				TARGETED_DEVICE_FAMILY = "1,2";
				TEST_HOST = "$(BUILT_PRODUCTS_DIR)/AnnotationsTest.app/AnnotationsTest";
			};
			name = Release;
		};
/* End XCBuildConfiguration section */

/* Begin XCConfigurationList section */
		11659E63243F4BEB00FCBC99 /* Build configuration list for PBXProject "AnnotationsTest" */ = {
			isa = XCConfigurationList;
			buildConfigurations = (
				11659E85243F4BED00FCBC99 /* Debug */,
				11659E86243F4BED00FCBC99 /* Release */,
			);
			defaultConfigurationIsVisible = 0;
			defaultConfigurationName = Release;
		};
		11659E87243F4BED00FCBC99 /* Build configuration list for PBXNativeTarget "AnnotationsTest" */ = {
			isa = XCConfigurationList;
			buildConfigurations = (
				11659E88243F4BED00FCBC99 /* Debug */,
				11659E89243F4BED00FCBC99 /* Release */,
			);
			defaultConfigurationIsVisible = 0;
			defaultConfigurationName = Release;
		};
		11659E8A243F4BED00FCBC99 /* Build configuration list for PBXNativeTarget "AnnotationsTestTests" */ = {
			isa = XCConfigurationList;
			buildConfigurations = (
				11659E8B243F4BED00FCBC99 /* Debug */,
				11659E8C243F4BED00FCBC99 /* Release */,
			);
			defaultConfigurationIsVisible = 0;
			defaultConfigurationName = Release;
		};
/* End XCConfigurationList section */
	};
	rootObject = 11659E60243F4BEB00FCBC99 /* Project object */;
}
